
Microsoft Visual Studio Solution File, Format Version 12.00
# Visual Studio Version 17
VisualStudioVersion = 17.4.33205.214
MinimumVisualStudioVersion = 10.0.40219.1
Project("{9A19103F-16F7-4668-BE54-9A1E7A4F7556}") = "Sardanapal.Identity", "Sardanapal.Identity\Sardanapal.Identity.csproj", "{F6D51EB0-266A-4B85-8B32-88CE9DDD6468}"
EndProject
Project("{9A19103F-16F7-4668-BE54-9A1E7A4F7556}") = "Sardanapal.Identity.OTP", "Sardanapal.Identity.OTP\Sardanapal.Identity.OTP.csproj", "{F63CDDA5-D115-42AA-8A8D-6D95E9EC20F6}"
EndProject
Project("{9A19103F-16F7-4668-BE54-9A1E7A4F7556}") = "Sardanapal.Identity.Services", "Sardanapal.Identity.Services\Sardanapal.Identity.Services.csproj", "{9B0F7FC6-6DB1-49DF-B58C-2ED7152BAD41}"
EndProject
Project("{9A19103F-16F7-4668-BE54-9A1E7A4F7556}") = "Sardanapal.Identity.Share", "Sardanapal.Identity.Share\Sardanapal.Identity.Share.csproj", "{ED689051-EC8E-4D76-AF62-C3173C352747}"
EndProject
Project("{9A19103F-16F7-4668-BE54-9A1E7A4F7556}") = "Sardanapal.Identity.ViewModel", "Sardanapal.Identity.ViewModel\Sardanapal.Identity.ViewModel.csproj", "{27DF0AEE-F314-4880-93E0-033A48CAE15F}"
EndProject
Project("{9A19103F-16F7-4668-BE54-9A1E7A4F7556}") = "Sardanapal.Identity.Dto", "Sardanapal.Identity.Dto\Sardanapal.Identity.Dto.csproj", "{3430A1CA-5B0C-427F-AC38-E8C4F4E6F023}"
EndProject
Project("{FAE04EC0-301F-11D3-BF4B-00C04F79EFBC}") = "Sardanapal.Identity.Domain", "Sardanapal.Identity.Domain\Sardanapal.Identity.Domain.csproj", "{7D390899-0469-47E5-884F-A9DA3B04F6DC}"
EndProject
Global
	GlobalSection(SolutionConfigurationPlatforms) = preSolution
		Debug|Any CPU = Debug|Any CPU
		Release|Any CPU = Release|Any CPU
	EndGlobalSection
	GlobalSection(ProjectConfigurationPlatforms) = postSolution
		{F6D51EB0-266A-4B85-8B32-88CE9DDD6468}.Debug|Any CPU.ActiveCfg = Debug|Any CPU
		{F6D51EB0-266A-4B85-8B32-88CE9DDD6468}.Debug|Any CPU.Build.0 = Debug|Any CPU
		{F6D51EB0-266A-4B85-8B32-88CE9DDD6468}.Release|Any CPU.ActiveCfg = Release|Any CPU
		{F6D51EB0-266A-4B85-8B32-88CE9DDD6468}.Release|Any CPU.Build.0 = Release|Any CPU
		{F63CDDA5-D115-42AA-8A8D-6D95E9EC20F6}.Debug|Any CPU.ActiveCfg = Debug|Any CPU
		{F63CDDA5-D115-42AA-8A8D-6D95E9EC20F6}.Debug|Any CPU.Build.0 = Debug|Any CPU
		{F63CDDA5-D115-42AA-8A8D-6D95E9EC20F6}.Release|Any CPU.ActiveCfg = Release|Any CPU
		{F63CDDA5-D115-42AA-8A8D-6D95E9EC20F6}.Release|Any CPU.Build.0 = Release|Any CPU
		{9B0F7FC6-6DB1-49DF-B58C-2ED7152BAD41}.Debug|Any CPU.ActiveCfg = Debug|Any CPU
		{9B0F7FC6-6DB1-49DF-B58C-2ED7152BAD41}.Debug|Any CPU.Build.0 = Debug|Any CPU
		{9B0F7FC6-6DB1-49DF-B58C-2ED7152BAD41}.Release|Any CPU.ActiveCfg = Release|Any CPU
		{9B0F7FC6-6DB1-49DF-B58C-2ED7152BAD41}.Release|Any CPU.Build.0 = Release|Any CPU
		{ED689051-EC8E-4D76-AF62-C3173C352747}.Debug|Any CPU.ActiveCfg = Debug|Any CPU
		{ED689051-EC8E-4D76-AF62-C3173C352747}.Debug|Any CPU.Build.0 = Debug|Any CPU
		{ED689051-EC8E-4D76-AF62-C3173C352747}.Release|Any CPU.ActiveCfg = Release|Any CPU
		{ED689051-EC8E-4D76-AF62-C3173C352747}.Release|Any CPU.Build.0 = Release|Any CPU
		{27DF0AEE-F314-4880-93E0-033A48CAE15F}.Debug|Any CPU.ActiveCfg = Debug|Any CPU
		{27DF0AEE-F314-4880-93E0-033A48CAE15F}.Debug|Any CPU.Build.0 = Debug|Any CPU
		{27DF0AEE-F314-4880-93E0-033A48CAE15F}.Release|Any CPU.ActiveCfg = Release|Any CPU
		{27DF0AEE-F314-4880-93E0-033A48CAE15F}.Release|Any CPU.Build.0 = Release|Any CPU
		{3430A1CA-5B0C-427F-AC38-E8C4F4E6F023}.Debug|Any CPU.ActiveCfg = Debug|Any CPU
		{3430A1CA-5B0C-427F-AC38-E8C4F4E6F023}.Debug|Any CPU.Build.0 = Debug|Any CPU
		{3430A1CA-5B0C-427F-AC38-E8C4F4E6F023}.Release|Any CPU.ActiveCfg = Release|Any CPU
		{3430A1CA-5B0C-427F-AC38-E8C4F4E6F023}.Release|Any CPU.Build.0 = Release|Any CPU
		{7D390899-0469-47E5-884F-A9DA3B04F6DC}.Debug|Any CPU.ActiveCfg = Debug|Any CPU
		{7D390899-0469-47E5-884F-A9DA3B04F6DC}.Debug|Any CPU.Build.0 = Debug|Any CPU
		{7D390899-0469-47E5-884F-A9DA3B04F6DC}.Release|Any CPU.ActiveCfg = Release|Any CPU
		{7D390899-0469-47E5-884F-A9DA3B04F6DC}.Release|Any CPU.Build.0 = Release|Any CPU
	EndGlobalSection
	GlobalSection(SolutionProperties) = preSolution
		HideSolutionNode = FALSE
	EndGlobalSection
	GlobalSection(ExtensibilityGlobals) = postSolution
		SolutionGuid = {DD1AF8CA-5CC7-428B-8A62-B5CA8816B63B}
	EndGlobalSection
EndGlobal
